
Microsoft Visual Studio Solution File, Format Version 12.00
# Visual Studio 15
VisualStudioVersion = 15.0.27428.2037
MinimumVisualStudioVersion = 10.0.40219.1
Project("{FAE04EC0-301F-11D3-BF4B-00C04F79EFBC}") = "FSChkLst", "FSChkLst\FSChkLst.csproj", "{3006CE54-C9AC-4AB8-8609-58B590D6A78B}"
EndProject
Global
	GlobalSection(SolutionConfigurationPlatforms) = preSolution
		Debug|Any CPU = Debug|Any CPU
		Release|Any CPU = Release|Any CPU
	EndGlobalSection
	GlobalSection(ProjectConfigurationPlatforms) = postSolution
		{3006CE54-C9AC-4AB8-8609-58B590D6A78B}.Debug|Any CPU.ActiveCfg = Debug|Any CPU
		{3006CE54-C9AC-4AB8-8609-58B590D6A78B}.Debug|Any CPU.Build.0 = Debug|Any CPU
		{3006CE54-C9AC-4AB8-8609-58B590D6A78B}.Release|Any CPU.ActiveCfg = Release|Any CPU
		{3006CE54-C9AC-4AB8-8609-58B590D6A78B}.Release|Any CPU.Build.0 = Release|Any CPU
	EndGlobalSection
	GlobalSection(SolutionProperties) = preSolution
		HideSolutionNode = FALSE
	EndGlobalSection
	GlobalSection(ExtensibilityGlobals) = postSolution
		SolutionGuid = {48D9128D-DFED-4791-AF81-7C4F498E3B3E}
	EndGlobalSection
EndGlobal
